
Microsoft Visual Studio Solution File, Format Version 12.00
# Visual Studio Version 16
VisualStudioVersion = 16.0.30523.141
MinimumVisualStudioVersion = 10.0.40219.1
Project("{FAE04EC0-301F-11D3-BF4B-00C04F79EFBC}") = "CSharpStudy", "CSharpStudy\CSharpStudy.csproj", "{619CB7CE-713D-400E-803F-D4985C3D4C70}"
EndProject
Global
	GlobalSection(SolutionConfigurationPlatforms) = preSolution
		Debug|Any CPU = Debug|Any CPU
		Release|Any CPU = Release|Any CPU
	EndGlobalSection
	GlobalSection(ProjectConfigurationPlatforms) = postSolution
		{619CB7CE-713D-400E-803F-D4985C3D4C70}.Debug|Any CPU.ActiveCfg = Debug|Any CPU
		{619CB7CE-713D-400E-803F-D4985C3D4C70}.Debug|Any CPU.Build.0 = Debug|Any CPU
		{619CB7CE-713D-400E-803F-D4985C3D4C70}.Release|Any CPU.ActiveCfg = Release|Any CPU
		{619CB7CE-713D-400E-803F-D4985C3D4C70}.Release|Any CPU.Build.0 = Release|Any CPU
	EndGlobalSection
	GlobalSection(SolutionProperties) = preSolution
		HideSolutionNode = FALSE
	EndGlobalSection
	GlobalSection(ExtensibilityGlobals) = postSolution
		SolutionGuid = {35E3F7DC-D67F-477F-89E6-2E72EA7FE28E}
	EndGlobalSection
EndGlobal
